// !$*UTF8*$!
{
	archiveVersion = 1;
	classes = {
	};
	objectVersion = 56;
	objects = {

/* Begin PBXBuildFile section */
		4067722E2BFE07F70072160E /* ComicReaderApp.swift in Sources */ = {isa = PBXBuildFile; fileRef = 4067722D2BFE07F70072160E /* ComicReaderApp.swift */; };
		406772302BFE07F70072160E /* ContentView.swift in Sources */ = {isa = PBXBuildFile; fileRef = 4067722F2BFE07F70072160E /* ContentView.swift */; };
		406772322BFE07F70072160E /* Assets.xcassets in Resources */ = {isa = PBXBuildFile; fileRef = 406772312BFE07F70072160E /* Assets.xcassets */; };
		406772352BFE07F70072160E /* Preview Assets.xcassets in Resources */ = {isa = PBXBuildFile; fileRef = 406772342BFE07F70072160E /* Preview Assets.xcassets */; };
		408252AF2BFE2368007D30B3 /* AllComicsView.swift in Sources */ = {isa = PBXBuildFile; fileRef = 408252AE2BFE2368007D30B3 /* AllComicsView.swift */; };
		408252B12BFE2600007D30B3 /* Comic.swift in Sources */ = {isa = PBXBuildFile; fileRef = 408252B02BFE2600007D30B3 /* Comic.swift */; };
		408252B32BFE267D007D30B3 /* ComicDataManager.swift in Sources */ = {isa = PBXBuildFile; fileRef = 408252B22BFE267D007D30B3 /* ComicDataManager.swift */; };
		408252B52BFE2932007D30B3 /* ComicsViewModel.swift in Sources */ = {isa = PBXBuildFile; fileRef = 408252B42BFE2932007D30B3 /* ComicsViewModel.swift */; };
		408252B72BFE2AF7007D30B3 /* ComicCard.swift in Sources */ = {isa = PBXBuildFile; fileRef = 408252B62BFE2AF7007D30B3 /* ComicCard.swift */; };
		408252B92BFE389C007D30B3 /* DetailedComicView.swift in Sources */ = {isa = PBXBuildFile; fileRef = 408252B82BFE389C007D30B3 /* DetailedComicView.swift */; };
		408252BF2BFE427D007D30B3 /* DetailedComicsViewExtension.swift in Sources */ = {isa = PBXBuildFile; fileRef = 408252BE2BFE427D007D30B3 /* DetailedComicsViewExtension.swift */; };
/* End PBXBuildFile section */

/* Begin PBXFileReference section */
		4067722A2BFE07F70072160E /* ComicReader.app */ = {isa = PBXFileReference; explicitFileType = wrapper.application; includeInIndex = 0; path = ComicReader.app; sourceTree = BUILT_PRODUCTS_DIR; };
		4067722D2BFE07F70072160E /* ComicReaderApp.swift */ = {isa = PBXFileReference; lastKnownFileType = sourcecode.swift; path = ComicReaderApp.swift; sourceTree = "<group>"; };
		4067722F2BFE07F70072160E /* ContentView.swift */ = {isa = PBXFileReference; lastKnownFileType = sourcecode.swift; path = ContentView.swift; sourceTree = "<group>"; };
		406772312BFE07F70072160E /* Assets.xcassets */ = {isa = PBXFileReference; lastKnownFileType = folder.assetcatalog; path = Assets.xcassets; sourceTree = "<group>"; };
		406772342BFE07F70072160E /* Preview Assets.xcassets */ = {isa = PBXFileReference; lastKnownFileType = folder.assetcatalog; path = "Preview Assets.xcassets"; sourceTree = "<group>"; };
		408252AE2BFE2368007D30B3 /* AllComicsView.swift */ = {isa = PBXFileReference; lastKnownFileType = sourcecode.swift; path = AllComicsView.swift; sourceTree = "<group>"; };
		408252B02BFE2600007D30B3 /* Comic.swift */ = {isa = PBXFileReference; lastKnownFileType = sourcecode.swift; path = Comic.swift; sourceTree = "<group>"; };
		408252B22BFE267D007D30B3 /* ComicDataManager.swift */ = {isa = PBXFileReference; lastKnownFileType = sourcecode.swift; path = ComicDataManager.swift; sourceTree = "<group>"; };
		408252B42BFE2932007D30B3 /* ComicsViewModel.swift */ = {isa = PBXFileReference; lastKnownFileType = sourcecode.swift; path = ComicsViewModel.swift; sourceTree = "<group>"; };
		408252B62BFE2AF7007D30B3 /* ComicCard.swift */ = {isa = PBXFileReference; lastKnownFileType = sourcecode.swift; path = ComicCard.swift; sourceTree = "<group>"; };
		408252B82BFE389C007D30B3 /* DetailedComicView.swift */ = {isa = PBXFileReference; lastKnownFileType = sourcecode.swift; path = DetailedComicView.swift; sourceTree = "<group>"; };
		408252BE2BFE427D007D30B3 /* DetailedComicsViewExtension.swift */ = {isa = PBXFileReference; lastKnownFileType = sourcecode.swift; path = DetailedComicsViewExtension.swift; sourceTree = "<group>"; };
/* End PBXFileReference section */

/* Begin PBXFrameworksBuildPhase section */
		406772272BFE07F70072160E /* Frameworks */ = {
			isa = PBXFrameworksBuildPhase;
			buildActionMask = 2147483647;
			files = (
			);
			runOnlyForDeploymentPostprocessing = 0;
		};
/* End PBXFrameworksBuildPhase section */

/* Begin PBXGroup section */
		406772212BFE07F70072160E = {
			isa = PBXGroup;
			children = (
				408252BD2BFE41C4007D30B3 /* Extensions */,
				40B3DDAA2BFE195A00A22342 /* Views */,
				40B3DDA92BFE195600A22342 /* Models */,
				40B3DDA82BFE194F00A22342 /* DataManagers */,
				40B3DDA72BFE194600A22342 /* ViewModels */,
				4067722C2BFE07F70072160E /* ComicReader */,
				4067722B2BFE07F70072160E /* Products */,
			);
			sourceTree = "<group>";
		};
		4067722B2BFE07F70072160E /* Products */ = {
			isa = PBXGroup;
			children = (
				4067722A2BFE07F70072160E /* ComicReader.app */,
			);
			name = Products;
			sourceTree = "<group>";
		};
		4067722C2BFE07F70072160E /* ComicReader */ = {
			isa = PBXGroup;
			children = (
				4067722D2BFE07F70072160E /* ComicReaderApp.swift */,
				4067722F2BFE07F70072160E /* ContentView.swift */,
				406772312BFE07F70072160E /* Assets.xcassets */,
				406772332BFE07F70072160E /* Preview Content */,
			);
			path = ComicReader;
			sourceTree = "<group>";
		};
		406772332BFE07F70072160E /* Preview Content */ = {
			isa = PBXGroup;
			children = (
				406772342BFE07F70072160E /* Preview Assets.xcassets */,
			);
			path = "Preview Content";
			sourceTree = "<group>";
		};
		408252BD2BFE41C4007D30B3 /* Extensions */ = {
			isa = PBXGroup;
			children = (
				408252BE2BFE427D007D30B3 /* DetailedComicsViewExtension.swift */,
			);
			path = Extensions;
			sourceTree = "<group>";
		};
		40B3DDA72BFE194600A22342 /* ViewModels */ = {
			isa = PBXGroup;
			children = (
				408252B42BFE2932007D30B3 /* ComicsViewModel.swift */,
			);
			path = ViewModels;
			sourceTree = "<group>";
		};
		40B3DDA82BFE194F00A22342 /* DataManagers */ = {
			isa = PBXGroup;
			children = (
				408252B22BFE267D007D30B3 /* ComicDataManager.swift */,
			);
			path = DataManagers;
			sourceTree = "<group>";
		};
		40B3DDA92BFE195600A22342 /* Models */ = {
			isa = PBXGroup;
			children = (
				408252B02BFE2600007D30B3 /* Comic.swift */,
			);
			path = Models;
			sourceTree = "<group>";
		};
		40B3DDAA2BFE195A00A22342 /* Views */ = {
			isa = PBXGroup;
			children = (
				408252AE2BFE2368007D30B3 /* AllComicsView.swift */,
				408252B62BFE2AF7007D30B3 /* ComicCard.swift */,
				408252B82BFE389C007D30B3 /* DetailedComicView.swift */,
			);
			path = Views;
			sourceTree = "<group>";
		};
/* End PBXGroup section */

/* Begin PBXNativeTarget section */
		406772292BFE07F70072160E /* ComicReader */ = {
			isa = PBXNativeTarget;
			buildConfigurationList = 406772382BFE07F70072160E /* Build configuration list for PBXNativeTarget "ComicReader" */;
			buildPhases = (
				406772262BFE07F70072160E /* Sources */,
				406772272BFE07F70072160E /* Frameworks */,
				406772282BFE07F70072160E /* Resources */,
			);
			buildRules = (
			);
			dependencies = (
			);
			name = ComicReader;
			productName = ComicReader;
			productReference = 4067722A2BFE07F70072160E /* ComicReader.app */;
			productType = "com.apple.product-type.application";
		};
/* End PBXNativeTarget section */

/* Begin PBXProject section */
		406772222BFE07F70072160E /* Project object */ = {
			isa = PBXProject;
			attributes = {
				BuildIndependentTargetsInParallel = 1;
				LastSwiftUpdateCheck = 1530;
				LastUpgradeCheck = 1530;
				TargetAttributes = {
					406772292BFE07F70072160E = {
						CreatedOnToolsVersion = 15.3;
					};
				};
			};
			buildConfigurationList = 406772252BFE07F70072160E /* Build configuration list for PBXProject "ComicReader" */;
			compatibilityVersion = "Xcode 14.0";
			developmentRegion = en;
			hasScannedForEncodings = 0;
			knownRegions = (
				en,
				Base,
			);
			mainGroup = 406772212BFE07F70072160E;
			productRefGroup = 4067722B2BFE07F70072160E /* Products */;
			projectDirPath = "";
			projectRoot = "";
			targets = (
				406772292BFE07F70072160E /* ComicReader */,
			);
		};
/* End PBXProject section */

/* Begin PBXResourcesBuildPhase section */
		406772282BFE07F70072160E /* Resources */ = {
			isa = PBXResourcesBuildPhase;
			buildActionMask = 2147483647;
			files = (
				406772352BFE07F70072160E /* Preview Assets.xcassets in Resources */,
				406772322BFE07F70072160E /* Assets.xcassets in Resources */,
			);
			runOnlyForDeploymentPostprocessing = 0;
		};
/* End PBXResourcesBuildPhase section */

/* Begin PBXSourcesBuildPhase section */
		406772262BFE07F70072160E /* Sources */ = {
			isa = PBXSourcesBuildPhase;
			buildActionMask = 2147483647;
			files = (
				408252B72BFE2AF7007D30B3 /* ComicCard.swift in Sources */,
				408252B52BFE2932007D30B3 /* ComicsViewModel.swift in Sources */,
				408252BF2BFE427D007D30B3 /* DetailedComicsViewExtension.swift in Sources */,
				408252AF2BFE2368007D30B3 /* AllComicsView.swift in Sources */,
				408252B32BFE267D007D30B3 /* ComicDataManager.swift in Sources */,
				408252B92BFE389C007D30B3 /* DetailedComicView.swift in Sources */,
				408252B12BFE2600007D30B3 /* Comic.swift in Sources */,
				406772302BFE07F70072160E /* ContentView.swift in Sources */,
				4067722E2BFE07F70072160E /* ComicReaderApp.swift in Sources */,
			);
			runOnlyForDeploymentPostprocessing = 0;
		};
/* End PBXSourcesBuildPhase section */

/* Begin XCBuildConfiguration section */
		406772362BFE07F70072160E /* Debug */ = {
			isa = XCBuildConfiguration;
			buildSettings = {
				ALWAYS_SEARCH_USER_PATHS = NO;
				ASSETCATALOG_COMPILER_GENERATE_SWIFT_ASSET_SYMBOL_EXTENSIONS = YES;
				CLANG_ANALYZER_NONNULL = YES;
				CLANG_ANALYZER_NUMBER_OBJECT_CONVERSION = YES_AGGRESSIVE;
				CLANG_CXX_LANGUAGE_STANDARD = "gnu++20";
				CLANG_ENABLE_MODULES = YES;
				CLANG_ENABLE_OBJC_ARC = YES;
				CLANG_ENABLE_OBJC_WEAK = YES;
				CLANG_WARN_BLOCK_CAPTURE_AUTORELEASING = YES;
				CLANG_WARN_BOOL_CONVERSION = YES;
				CLANG_WARN_COMMA = YES;
				CLANG_WARN_CONSTANT_CONVERSION = YES;
				CLANG_WARN_DEPRECATED_OBJC_IMPLEMENTATIONS = YES;
				CLANG_WARN_DIRECT_OBJC_ISA_USAGE = YES_ERROR;
				CLANG_WARN_DOCUMENTATION_COMMENTS = YES;
				CLANG_WARN_EMPTY_BODY = YES;
				CLANG_WARN_ENUM_CONVERSION = YES;
				CLANG_WARN_INFINITE_RECURSION = YES;
				CLANG_WARN_INT_CONVERSION = YES;
				CLANG_WARN_NON_LITERAL_NULL_CONVERSION = YES;
				CLANG_WARN_OBJC_IMPLICIT_RETAIN_SELF = YES;
				CLANG_WARN_OBJC_LITERAL_CONVERSION = YES;
				CLANG_WARN_OBJC_ROOT_CLASS = YES_ERROR;
				CLANG_WARN_QUOTED_INCLUDE_IN_FRAMEWORK_HEADER = YES;
				CLANG_WARN_RANGE_LOOP_ANALYSIS = YES;
				CLANG_WARN_STRICT_PROTOTYPES = YES;
				CLANG_WARN_SUSPICIOUS_MOVE = YES;
				CLANG_WARN_UNGUARDED_AVAILABILITY = YES_AGGRESSIVE;
				CLANG_WARN_UNREACHABLE_CODE = YES;
				CLANG_WARN__DUPLICATE_METHOD_MATCH = YES;
				COPY_PHASE_STRIP = NO;
				DEBUG_INFORMATION_FORMAT = dwarf;
				ENABLE_STRICT_OBJC_MSGSEND = YES;
				ENABLE_TESTABILITY = YES;
				ENABLE_USER_SCRIPT_SANDBOXING = YES;
				GCC_C_LANGUAGE_STANDARD = gnu17;
				GCC_DYNAMIC_NO_PIC = NO;
				GCC_NO_COMMON_BLOCKS = YES;
				GCC_OPTIMIZATION_LEVEL = 0;
				GCC_PREPROCESSOR_DEFINITIONS = (
					"DEBUG=1",
					"$(inherited)",
				);
				GCC_WARN_64_TO_32_BIT_CONVERSION = YES;
				GCC_WARN_ABOUT_RETURN_TYPE = YES_ERROR;
				GCC_WARN_UNDECLARED_SELECTOR = YES;
				GCC_WARN_UNINITIALIZED_AUTOS = YES_AGGRESSIVE;
				GCC_WARN_UNUSED_FUNCTION = YES;
				GCC_WARN_UNUSED_VARIABLE = YES;
				IPHONEOS_DEPLOYMENT_TARGET = 17.4;
				LOCALIZATION_PREFERS_STRING_CATALOGS = YES;
				MTL_ENABLE_DEBUG_INFO = INCLUDE_SOURCE;
				MTL_FAST_MATH = YES;
				ONLY_ACTIVE_ARCH = YES;
				SDKROOT = iphoneos;
				SWIFT_ACTIVE_COMPILATION_CONDITIONS = "DEBUG $(inherited)";
				SWIFT_OPTIMIZATION_LEVEL = "-Onone";
			};
			name = Debug;
		};
		406772372BFE07F70072160E /* Release */ = {
			isa = XCBuildConfiguration;
			buildSettings = {
				ALWAYS_SEARCH_USER_PATHS = NO;
				ASSETCATALOG_COMPILER_GENERATE_SWIFT_ASSET_SYMBOL_EXTENSIONS = YES;
				CLANG_ANALYZER_NONNULL = YES;
				CLANG_ANALYZER_NUMBER_OBJECT_CONVERSION = YES_AGGRESSIVE;
				CLANG_CXX_LANGUAGE_STANDARD = "gnu++20";
				CLANG_ENABLE_MODULES = YES;
				CLANG_ENABLE_OBJC_ARC = YES;
				CLANG_ENABLE_OBJC_WEAK = YES;
				CLANG_WARN_BLOCK_CAPTURE_AUTORELEASING = YES;
				CLANG_WARN_BOOL_CONVERSION = YES;
				CLANG_WARN_COMMA = YES;
				CLANG_WARN_CONSTANT_CONVERSION = YES;
				CLANG_WARN_DEPRECATED_OBJC_IMPLEMENTATIONS = YES;
				CLANG_WARN_DIRECT_OBJC_ISA_USAGE = YES_ERROR;
				CLANG_WARN_DOCUMENTATION_COMMENTS = YES;
				CLANG_WARN_EMPTY_BODY = YES;
				CLANG_WARN_ENUM_CONVERSION = YES;
				CLANG_WARN_INFINITE_RECURSION = YES;
				CLANG_WARN_INT_CONVERSION = YES;
				CLANG_WARN_NON_LITERAL_NULL_CONVERSION = YES;
				CLANG_WARN_OBJC_IMPLICIT_RETAIN_SELF = YES;
				CLANG_WARN_OBJC_LITERAL_CONVERSION = YES;
				CLANG_WARN_OBJC_ROOT_CLASS = YES_ERROR;
				CLANG_WARN_QUOTED_INCLUDE_IN_FRAMEWORK_HEADER = YES;
				CLANG_WARN_RANGE_LOOP_ANALYSIS = YES;
				CLANG_WARN_STRICT_PROTOTYPES = YES;
				CLANG_WARN_SUSPICIOUS_MOVE = YES;
				CLANG_WARN_UNGUARDED_AVAILABILITY = YES_AGGRESSIVE;
				CLANG_WARN_UNREACHABLE_CODE = YES;
				CLANG_WARN__DUPLICATE_METHOD_MATCH = YES;
				COPY_PHASE_STRIP = NO;
				DEBUG_INFORMATION_FORMAT = "dwarf-with-dsym";
				ENABLE_NS_ASSERTIONS = NO;
				ENABLE_STRICT_OBJC_MSGSEND = YES;
				ENABLE_USER_SCRIPT_SANDBOXING = YES;
				GCC_C_LANGUAGE_STANDARD = gnu17;
				GCC_NO_COMMON_BLOCKS = YES;
				GCC_WARN_64_TO_32_BIT_CONVERSION = YES;
				GCC_WARN_ABOUT_RETURN_TYPE = YES_ERROR;
				GCC_WARN_UNDECLARED_SELECTOR = YES;
				GCC_WARN_UNINITIALIZED_AUTOS = YES_AGGRESSIVE;
				GCC_WARN_UNUSED_FUNCTION = YES;
				GCC_WARN_UNUSED_VARIABLE = YES;
				IPHONEOS_DEPLOYMENT_TARGET = 17.4;
				LOCALIZATION_PREFERS_STRING_CATALOGS = YES;
				MTL_ENABLE_DEBUG_INFO = NO;
				MTL_FAST_MATH = YES;
				SDKROOT = iphoneos;
				SWIFT_COMPILATION_MODE = wholemodule;
				VALIDATE_PRODUCT = YES;
			};
			name = Release;
		};
		406772392BFE07F70072160E /* Debug */ = {
			isa = XCBuildConfiguration;
			buildSettings = {
				ASSETCATALOG_COMPILER_APPICON_NAME = AppIcon;
				ASSETCATALOG_COMPILER_GLOBAL_ACCENT_COLOR_NAME = AccentColor;
				CODE_SIGN_STYLE = Automatic;
				CURRENT_PROJECT_VERSION = 1;
				DEVELOPMENT_ASSET_PATHS = "\"ComicReader/Preview Content\"";
				DEVELOPMENT_TEAM = 5K4VB6BWD8;
				ENABLE_PREVIEWS = YES;
				GENERATE_INFOPLIST_FILE = YES;
				INFOPLIST_KEY_UIApplicationSceneManifest_Generation = YES;
				INFOPLIST_KEY_UIApplicationSupportsIndirectInputEvents = YES;
				INFOPLIST_KEY_UILaunchScreen_Generation = YES;
				INFOPLIST_KEY_UISupportedInterfaceOrientations_iPad = "UIInterfaceOrientationPortrait UIInterfaceOrientationPortraitUpsideDown UIInterfaceOrientationLandscapeLeft UIInterfaceOrientationLandscapeRight";
				INFOPLIST_KEY_UISupportedInterfaceOrientations_iPhone = "UIInterfaceOrientationPortrait UIInterfaceOrientationLandscapeLeft UIInterfaceOrientationLandscapeRight";
				LD_RUNPATH_SEARCH_PATHS = (
					"$(inherited)",
					"@executable_path/Frameworks",
				);
				MARKETING_VERSION = 1.0;
				PRODUCT_BUNDLE_IDENTIFIER = com.joar.ComicReader;
				PRODUCT_NAME = "$(TARGET_NAME)";
				SWIFT_EMIT_LOC_STRINGS = YES;
				SWIFT_VERSION = 5.0;
				TARGETED_DEVICE_FAMILY = "1,2";
			};
			name = Debug;
		};
		4067723A2BFE07F70072160E /* Release */ = {
			isa = XCBuildConfiguration;
			buildSettings = {
				ASSETCATALOG_COMPILER_APPICON_NAME = AppIcon;
				ASSETCATALOG_COMPILER_GLOBAL_ACCENT_COLOR_NAME = AccentColor;
				CODE_SIGN_STYLE = Automatic;
				CURRENT_PROJECT_VERSION = 1;
				DEVELOPMENT_ASSET_PATHS = "\"ComicReader/Preview Content\"";
				DEVELOPMENT_TEAM = 5K4VB6BWD8;
				ENABLE_PREVIEWS = YES;
				GENERATE_INFOPLIST_FILE = YES;
				INFOPLIST_KEY_UIApplicationSceneManifest_Generation = YES;
				INFOPLIST_KEY_UIApplicationSupportsIndirectInputEvents = YES;
				INFOPLIST_KEY_UILaunchScreen_Generation = YES;
				INFOPLIST_KEY_UISupportedInterfaceOrientations_iPad = "UIInterfaceOrientationPortrait UIInterfaceOrientationPortraitUpsideDown UIInterfaceOrientationLandscapeLeft UIInterfaceOrientationLandscapeRight";
				INFOPLIST_KEY_UISupportedInterfaceOrientations_iPhone = "UIInterfaceOrientationPortrait UIInterfaceOrientationLandscapeLeft UIInterfaceOrientationLandscapeRight";
				LD_RUNPATH_SEARCH_PATHS = (
					"$(inherited)",
					"@executable_path/Frameworks",
				);
				MARKETING_VERSION = 1.0;
				PRODUCT_BUNDLE_IDENTIFIER = com.joar.ComicReader;
				PRODUCT_NAME = "$(TARGET_NAME)";
				SWIFT_EMIT_LOC_STRINGS = YES;
				SWIFT_VERSION = 5.0;
				TARGETED_DEVICE_FAMILY = "1,2";
			};
			name = Release;
		};
/* End XCBuildConfiguration section */

/* Begin XCConfigurationList section */
		406772252BFE07F70072160E /* Build configuration list for PBXProject "ComicReader" */ = {
			isa = XCConfigurationList;
			buildConfigurations = (
				406772362BFE07F70072160E /* Debug */,
				406772372BFE07F70072160E /* Release */,
			);
			defaultConfigurationIsVisible = 0;
			defaultConfigurationName = Release;
		};
		406772382BFE07F70072160E /* Build configuration list for PBXNativeTarget "ComicReader" */ = {
			isa = XCConfigurationList;
			buildConfigurations = (
				406772392BFE07F70072160E /* Debug */,
				4067723A2BFE07F70072160E /* Release */,
			);
			defaultConfigurationIsVisible = 0;
			defaultConfigurationName = Release;
		};
/* End XCConfigurationList section */
	};
	rootObject = 406772222BFE07F70072160E /* Project object */;
}
